// !$*UTF8*$!
{
	archiveVersion = 1;
	classes = {
	};
	objectVersion = 46;
	objects = {

/* Begin PBXBuildFile section */
		B1366CF71968B31700B40CCC /* Cocoa.framework in Frameworks */ = {isa = PBXBuildFile; fileRef = B1366CF61968B31700B40CCC /* Cocoa.framework */; };
		B1366D011968B31700B40CCC /* InfoPlist.strings in Resources */ = {isa = PBXBuildFile; fileRef = B1366CFF1968B31700B40CCC /* InfoPlist.strings */; };
		B1366D051968B31700B40CCC /* Schwarzwald.m in Sources */ = {isa = PBXBuildFile; fileRef = B1366D041968B31700B40CCC /* Schwarzwald.m */; };
		B1366D231968B3BA00B40CCC /* WeakReference.h in Headers */ = {isa = PBXBuildFile; fileRef = B1366D211968B3BA00B40CCC /* WeakReference.h */; };
		B1366D241968B3BA00B40CCC /* WeakReference.m in Sources */ = {isa = PBXBuildFile; fileRef = B1366D221968B3BA00B40CCC /* WeakReference.m */; };
		B1366D281968B42B00B40CCC /* NSView+Schwarzwald.h in Headers */ = {isa = PBXBuildFile; fileRef = B1366D261968B42B00B40CCC /* NSView+Schwarzwald.h */; };
		B1366D291968B42B00B40CCC /* NSView+Schwarzwald.m in Sources */ = {isa = PBXBuildFile; fileRef = B1366D271968B42B00B40CCC /* NSView+Schwarzwald.m */; };
		B1366D2C1968B47300B40CCC /* NSButton+Schwarzwald.h in Headers */ = {isa = PBXBuildFile; fileRef = B1366D2A1968B47300B40CCC /* NSButton+Schwarzwald.h */; };
		B1366D2D1968B47300B40CCC /* NSButton+Schwarzwald.m in Sources */ = {isa = PBXBuildFile; fileRef = B1366D2B1968B47300B40CCC /* NSButton+Schwarzwald.m */; };
		B1366D301968B4A900B40CCC /* NSWindow+Schwarzwald.h in Headers */ = {isa = PBXBuildFile; fileRef = B1366D2E1968B4A900B40CCC /* NSWindow+Schwarzwald.h */; };
		B1366D311968B4A900B40CCC /* NSWindow+Schwarzwald.m in Sources */ = {isa = PBXBuildFile; fileRef = B1366D2F1968B4A900B40CCC /* NSWindow+Schwarzwald.m */; };
		B1366D341968B51900B40CCC /* NSApplication+Schwarzwald.h in Headers */ = {isa = PBXBuildFile; fileRef = B1366D321968B51900B40CCC /* NSApplication+Schwarzwald.h */; settings = {ATTRIBUTES = (Public, ); }; };
		B1366D351968B51900B40CCC /* NSApplication+Schwarzwald.m in Sources */ = {isa = PBXBuildFile; fileRef = B1366D331968B51900B40CCC /* NSApplication+Schwarzwald.m */; };
		B1366D421968B7A500B40CCC /* Schwarzwald.h in Headers */ = {isa = PBXBuildFile; fileRef = B1366D031968B31700B40CCC /* Schwarzwald.h */; settings = {ATTRIBUTES = (Public, ); }; };
		B14B7F27196A0CFB0068D44D /* NSTimer+SchwarzwaldSpec.mm in Sources */ = {isa = PBXBuildFile; fileRef = B14B7F26196A0CFB0068D44D /* NSTimer+SchwarzwaldSpec.mm */; };
		B186699C19690D4900F3C630 /* NSWindow+SchwarzwaldSpec.mm in Sources */ = {isa = PBXBuildFile; fileRef = B186699B19690D4900F3C630 /* NSWindow+SchwarzwaldSpec.mm */; };
		B1C60DE61968D694003E3DEC /* NSTimer+Schwarzwald.h in Headers */ = {isa = PBXBuildFile; fileRef = B1C60DE41968D694003E3DEC /* NSTimer+Schwarzwald.h */; };
		B1C60DE71968D694003E3DEC /* NSTimer+Schwarzwald.m in Sources */ = {isa = PBXBuildFile; fileRef = B1C60DE51968D694003E3DEC /* NSTimer+Schwarzwald.m */; };
		B1C60DF819690504003E3DEC /* SenTestingKit.framework in Frameworks */ = {isa = PBXBuildFile; fileRef = B1C60DF719690504003E3DEC /* SenTestingKit.framework */; };
		B1C60DF919690504003E3DEC /* Cocoa.framework in Frameworks */ = {isa = PBXBuildFile; fileRef = B1366CF61968B31700B40CCC /* Cocoa.framework */; };
		B1C60DFF19690504003E3DEC /* InfoPlist.strings in Resources */ = {isa = PBXBuildFile; fileRef = B1C60DFD19690504003E3DEC /* InfoPlist.strings */; };
		B1C60E0519690504003E3DEC /* Cedar.framework in Frameworks */ = {isa = PBXBuildFile; fileRef = B1C60E0419690504003E3DEC /* Cedar.framework */; };
		B1C60E0A196905CB003E3DEC /* NSApplication+SchwarzwaldSpec.mm in Sources */ = {isa = PBXBuildFile; fileRef = B1C60E09196905CB003E3DEC /* NSApplication+SchwarzwaldSpec.mm */; };
		B1C60E0B196907F1003E3DEC /* NSApplication+Schwarzwald.m in Sources */ = {isa = PBXBuildFile; fileRef = B1366D331968B51900B40CCC /* NSApplication+Schwarzwald.m */; };
		B1C60E0C19690800003E3DEC /* NSButton+Schwarzwald.m in Sources */ = {isa = PBXBuildFile; fileRef = B1366D2B1968B47300B40CCC /* NSButton+Schwarzwald.m */; };
		B1C60E0D19690800003E3DEC /* NSTimer+Schwarzwald.m in Sources */ = {isa = PBXBuildFile; fileRef = B1C60DE51968D694003E3DEC /* NSTimer+Schwarzwald.m */; };
		B1C60E0E19690800003E3DEC /* NSView+Schwarzwald.m in Sources */ = {isa = PBXBuildFile; fileRef = B1366D271968B42B00B40CCC /* NSView+Schwarzwald.m */; };
		B1C60E0F19690800003E3DEC /* NSWindow+Schwarzwald.m in Sources */ = {isa = PBXBuildFile; fileRef = B1366D2F1968B4A900B40CCC /* NSWindow+Schwarzwald.m */; };
		B1C60E1019690800003E3DEC /* Schwarzwald.m in Sources */ = {isa = PBXBuildFile; fileRef = B1366D041968B31700B40CCC /* Schwarzwald.m */; };
		B1C60E1119690814003E3DEC /* WeakReference.m in Sources */ = {isa = PBXBuildFile; fileRef = B1366D221968B3BA00B40CCC /* WeakReference.m */; };
/* End PBXBuildFile section */

/* Begin PBXFileReference section */
		B1366CF31968B31700B40CCC /* Schwarzwald.framework */ = {isa = PBXFileReference; explicitFileType = wrapper.framework; includeInIndex = 0; path = Schwarzwald.framework; sourceTree = BUILT_PRODUCTS_DIR; };
		B1366CF61968B31700B40CCC /* Cocoa.framework */ = {isa = PBXFileReference; lastKnownFileType = wrapper.framework; name = Cocoa.framework; path = System/Library/Frameworks/Cocoa.framework; sourceTree = SDKROOT; };
		B1366CF91968B31700B40CCC /* Foundation.framework */ = {isa = PBXFileReference; lastKnownFileType = wrapper.framework; name = Foundation.framework; path = System/Library/Frameworks/Foundation.framework; sourceTree = SDKROOT; };
		B1366CFA1968B31700B40CCC /* CoreData.framework */ = {isa = PBXFileReference; lastKnownFileType = wrapper.framework; name = CoreData.framework; path = System/Library/Frameworks/CoreData.framework; sourceTree = SDKROOT; };
		B1366CFB1968B31700B40CCC /* AppKit.framework */ = {isa = PBXFileReference; lastKnownFileType = wrapper.framework; name = AppKit.framework; path = System/Library/Frameworks/AppKit.framework; sourceTree = SDKROOT; };
		B1366CFE1968B31700B40CCC /* Schwarzwald-Info.plist */ = {isa = PBXFileReference; lastKnownFileType = text.plist.xml; path = "Schwarzwald-Info.plist"; sourceTree = "<group>"; };
		B1366D001968B31700B40CCC /* en */ = {isa = PBXFileReference; lastKnownFileType = text.plist.strings; name = en; path = en.lproj/InfoPlist.strings; sourceTree = "<group>"; };
		B1366D021968B31700B40CCC /* Schwarzwald-Prefix.pch */ = {isa = PBXFileReference; lastKnownFileType = sourcecode.c.h; path = "Schwarzwald-Prefix.pch"; sourceTree = "<group>"; };
		B1366D031968B31700B40CCC /* Schwarzwald.h */ = {isa = PBXFileReference; lastKnownFileType = sourcecode.c.h; path = Schwarzwald.h; sourceTree = "<group>"; };
		B1366D041968B31700B40CCC /* Schwarzwald.m */ = {isa = PBXFileReference; lastKnownFileType = sourcecode.c.objc; path = Schwarzwald.m; sourceTree = "<group>"; };
		B1366D0B1968B31700B40CCC /* XCTest.framework */ = {isa = PBXFileReference; lastKnownFileType = wrapper.framework; name = XCTest.framework; path = Library/Frameworks/XCTest.framework; sourceTree = DEVELOPER_DIR; };
		B1366D211968B3BA00B40CCC /* WeakReference.h */ = {isa = PBXFileReference; fileEncoding = 4; lastKnownFileType = sourcecode.c.h; path = WeakReference.h; sourceTree = "<group>"; };
		B1366D221968B3BA00B40CCC /* WeakReference.m */ = {isa = PBXFileReference; fileEncoding = 4; lastKnownFileType = sourcecode.c.objc; path = WeakReference.m; sourceTree = "<group>"; };
		B1366D261968B42B00B40CCC /* NSView+Schwarzwald.h */ = {isa = PBXFileReference; fileEncoding = 4; lastKnownFileType = sourcecode.c.h; path = "NSView+Schwarzwald.h"; sourceTree = "<group>"; };
		B1366D271968B42B00B40CCC /* NSView+Schwarzwald.m */ = {isa = PBXFileReference; fileEncoding = 4; lastKnownFileType = sourcecode.c.objc; path = "NSView+Schwarzwald.m"; sourceTree = "<group>"; };
		B1366D2A1968B47300B40CCC /* NSButton+Schwarzwald.h */ = {isa = PBXFileReference; fileEncoding = 4; lastKnownFileType = sourcecode.c.h; path = "NSButton+Schwarzwald.h"; sourceTree = "<group>"; };
		B1366D2B1968B47300B40CCC /* NSButton+Schwarzwald.m */ = {isa = PBXFileReference; fileEncoding = 4; lastKnownFileType = sourcecode.c.objc; path = "NSButton+Schwarzwald.m"; sourceTree = "<group>"; };
		B1366D2E1968B4A900B40CCC /* NSWindow+Schwarzwald.h */ = {isa = PBXFileReference; fileEncoding = 4; lastKnownFileType = sourcecode.c.h; path = "NSWindow+Schwarzwald.h"; sourceTree = "<group>"; };
		B1366D2F1968B4A900B40CCC /* NSWindow+Schwarzwald.m */ = {isa = PBXFileReference; fileEncoding = 4; lastKnownFileType = sourcecode.c.objc; path = "NSWindow+Schwarzwald.m"; sourceTree = "<group>"; };
		B1366D321968B51900B40CCC /* NSApplication+Schwarzwald.h */ = {isa = PBXFileReference; fileEncoding = 4; lastKnownFileType = sourcecode.c.h; path = "NSApplication+Schwarzwald.h"; sourceTree = "<group>"; };
		B1366D331968B51900B40CCC /* NSApplication+Schwarzwald.m */ = {isa = PBXFileReference; fileEncoding = 4; lastKnownFileType = sourcecode.c.objc; path = "NSApplication+Schwarzwald.m"; sourceTree = "<group>"; };
		B14B7F26196A0CFB0068D44D /* NSTimer+SchwarzwaldSpec.mm */ = {isa = PBXFileReference; fileEncoding = 4; lastKnownFileType = sourcecode.cpp.objcpp; path = "NSTimer+SchwarzwaldSpec.mm"; sourceTree = "<group>"; };
		B186699B19690D4900F3C630 /* NSWindow+SchwarzwaldSpec.mm */ = {isa = PBXFileReference; fileEncoding = 4; lastKnownFileType = sourcecode.cpp.objcpp; path = "NSWindow+SchwarzwaldSpec.mm"; sourceTree = "<group>"; };
		B1C60DE41968D694003E3DEC /* NSTimer+Schwarzwald.h */ = {isa = PBXFileReference; fileEncoding = 4; lastKnownFileType = sourcecode.c.h; path = "NSTimer+Schwarzwald.h"; sourceTree = "<group>"; };
		B1C60DE51968D694003E3DEC /* NSTimer+Schwarzwald.m */ = {isa = PBXFileReference; fileEncoding = 4; lastKnownFileType = sourcecode.c.objc; path = "NSTimer+Schwarzwald.m"; sourceTree = "<group>"; };
		B1C60DF619690504003E3DEC /* SchwarzwaldSpecs.octest */ = {isa = PBXFileReference; explicitFileType = wrapper.cfbundle; includeInIndex = 0; path = SchwarzwaldSpecs.octest; sourceTree = BUILT_PRODUCTS_DIR; };
		B1C60DF719690504003E3DEC /* SenTestingKit.framework */ = {isa = PBXFileReference; lastKnownFileType = wrapper.framework; name = SenTestingKit.framework; path = Library/Frameworks/SenTestingKit.framework; sourceTree = DEVELOPER_DIR; };
		B1C60DFC19690504003E3DEC /* SchwarzwaldSpecs-Info.plist */ = {isa = PBXFileReference; lastKnownFileType = text.plist.xml; path = "SchwarzwaldSpecs-Info.plist"; sourceTree = "<group>"; };
		B1C60DFE19690504003E3DEC /* en */ = {isa = PBXFileReference; lastKnownFileType = text.plist.strings; name = en; path = en.lproj/InfoPlist.strings; sourceTree = "<group>"; };
		B1C60E0219690504003E3DEC /* Rakefile */ = {isa = PBXFileReference; lastKnownFileType = text; path = Rakefile; sourceTree = "<group>"; };
		B1C60E0319690504003E3DEC /* SchwarzwaldSpecs-Prefix.pch */ = {isa = PBXFileReference; lastKnownFileType = sourcecode.c.h; path = "SchwarzwaldSpecs-Prefix.pch"; sourceTree = "<group>"; };
		B1C60E0419690504003E3DEC /* Cedar.framework */ = {isa = PBXFileReference; lastKnownFileType = wrapper.framework; name = Cedar.framework; path = Frameworks/Cedar.framework; sourceTree = "<group>"; };
		B1C60E09196905CB003E3DEC /* NSApplication+SchwarzwaldSpec.mm */ = {isa = PBXFileReference; fileEncoding = 4; lastKnownFileType = sourcecode.cpp.objcpp; path = "NSApplication+SchwarzwaldSpec.mm"; sourceTree = "<group>"; };
/* End PBXFileReference section */

/* Begin PBXFrameworksBuildPhase section */
		B1366CEF1968B31700B40CCC /* Frameworks */ = {
			isa = PBXFrameworksBuildPhase;
			buildActionMask = 2147483647;
			files = (
				B1366CF71968B31700B40CCC /* Cocoa.framework in Frameworks */,
			);
			runOnlyForDeploymentPostprocessing = 0;
		};
		B1C60DF119690504003E3DEC /* Frameworks */ = {
			isa = PBXFrameworksBuildPhase;
			buildActionMask = 2147483647;
			files = (
				B1C60DF919690504003E3DEC /* Cocoa.framework in Frameworks */,
				B1C60DF819690504003E3DEC /* SenTestingKit.framework in Frameworks */,
				B1C60E0519690504003E3DEC /* Cedar.framework in Frameworks */,
			);
			runOnlyForDeploymentPostprocessing = 0;
		};
/* End PBXFrameworksBuildPhase section */

/* Begin PBXGroup section */
		B1366CE91968B31600B40CCC = {
			isa = PBXGroup;
			children = (
				B1366CFC1968B31700B40CCC /* Schwarzwald */,
				B1C60DFA19690504003E3DEC /* SchwarzwaldSpecs */,
				B1366CF51968B31700B40CCC /* Frameworks */,
				B1366CF41968B31700B40CCC /* Products */,
			);
			sourceTree = "<group>";
		};
		B1366CF41968B31700B40CCC /* Products */ = {
			isa = PBXGroup;
			children = (
				B1366CF31968B31700B40CCC /* Schwarzwald.framework */,
				B1C60DF619690504003E3DEC /* SchwarzwaldSpecs.octest */,
			);
			name = Products;
			sourceTree = "<group>";
		};
		B1366CF51968B31700B40CCC /* Frameworks */ = {
			isa = PBXGroup;
			children = (
				B1366CF61968B31700B40CCC /* Cocoa.framework */,
				B1366D0B1968B31700B40CCC /* XCTest.framework */,
				B1C60DF719690504003E3DEC /* SenTestingKit.framework */,
				B1366CF81968B31700B40CCC /* Other Frameworks */,
			);
			name = Frameworks;
			sourceTree = "<group>";
		};
		B1366CF81968B31700B40CCC /* Other Frameworks */ = {
			isa = PBXGroup;
			children = (
				B1366CF91968B31700B40CCC /* Foundation.framework */,
				B1366CFA1968B31700B40CCC /* CoreData.framework */,
				B1366CFB1968B31700B40CCC /* AppKit.framework */,
			);
			name = "Other Frameworks";
			sourceTree = "<group>";
		};
		B1366CFC1968B31700B40CCC /* Schwarzwald */ = {
			isa = PBXGroup;
			children = (
				B1366D321968B51900B40CCC /* NSApplication+Schwarzwald.h */,
				B1366D331968B51900B40CCC /* NSApplication+Schwarzwald.m */,
				B1366D2A1968B47300B40CCC /* NSButton+Schwarzwald.h */,
				B1366D2B1968B47300B40CCC /* NSButton+Schwarzwald.m */,
				B1C60DE41968D694003E3DEC /* NSTimer+Schwarzwald.h */,
				B1C60DE51968D694003E3DEC /* NSTimer+Schwarzwald.m */,
				B1366D261968B42B00B40CCC /* NSView+Schwarzwald.h */,
				B1366D271968B42B00B40CCC /* NSView+Schwarzwald.m */,
				B1366D2E1968B4A900B40CCC /* NSWindow+Schwarzwald.h */,
				B1366D2F1968B4A900B40CCC /* NSWindow+Schwarzwald.m */,
				B1366D031968B31700B40CCC /* Schwarzwald.h */,
				B1366D041968B31700B40CCC /* Schwarzwald.m */,
				B1366CFD1968B31700B40CCC /* Supporting Files */,
				B1366D211968B3BA00B40CCC /* WeakReference.h */,
				B1366D221968B3BA00B40CCC /* WeakReference.m */,
			);
			path = Schwarzwald;
			sourceTree = "<group>";
		};
		B1366CFD1968B31700B40CCC /* Supporting Files */ = {
			isa = PBXGroup;
			children = (
				B1366CFE1968B31700B40CCC /* Schwarzwald-Info.plist */,
				B1366CFF1968B31700B40CCC /* InfoPlist.strings */,
				B1366D021968B31700B40CCC /* Schwarzwald-Prefix.pch */,
			);
			name = "Supporting Files";
			sourceTree = "<group>";
		};
		B1C60DFA19690504003E3DEC /* SchwarzwaldSpecs */ = {
			isa = PBXGroup;
			children = (
				B1C60E0419690504003E3DEC /* Cedar.framework */,
				B1C60E09196905CB003E3DEC /* NSApplication+SchwarzwaldSpec.mm */,
				B14B7F26196A0CFB0068D44D /* NSTimer+SchwarzwaldSpec.mm */,
				B186699B19690D4900F3C630 /* NSWindow+SchwarzwaldSpec.mm */,
				B1C60E0219690504003E3DEC /* Rakefile */,
				B1C60DFB19690504003E3DEC /* Supporting Files */,
			);
			path = SchwarzwaldSpecs;
			sourceTree = "<group>";
		};
		B1C60DFB19690504003E3DEC /* Supporting Files */ = {
			isa = PBXGroup;
			children = (
				B1C60DFC19690504003E3DEC /* SchwarzwaldSpecs-Info.plist */,
				B1C60DFD19690504003E3DEC /* InfoPlist.strings */,
				B1C60E0319690504003E3DEC /* SchwarzwaldSpecs-Prefix.pch */,
			);
			name = "Supporting Files";
			sourceTree = "<group>";
		};
/* End PBXGroup section */

/* Begin PBXHeadersBuildPhase section */
		B1366CF01968B31700B40CCC /* Headers */ = {
			isa = PBXHeadersBuildPhase;
			buildActionMask = 2147483647;
			files = (
				B1366D231968B3BA00B40CCC /* WeakReference.h in Headers */,
				B1366D2C1968B47300B40CCC /* NSButton+Schwarzwald.h in Headers */,
				B1C60DE61968D694003E3DEC /* NSTimer+Schwarzwald.h in Headers */,
				B1366D301968B4A900B40CCC /* NSWindow+Schwarzwald.h in Headers */,
				B1366D341968B51900B40CCC /* NSApplication+Schwarzwald.h in Headers */,
				B1366D281968B42B00B40CCC /* NSView+Schwarzwald.h in Headers */,
				B1366D421968B7A500B40CCC /* Schwarzwald.h in Headers */,
			);
			runOnlyForDeploymentPostprocessing = 0;
		};
/* End PBXHeadersBuildPhase section */

/* Begin PBXNativeTarget section */
		B1366CF21968B31700B40CCC /* Schwarzwald */ = {
			isa = PBXNativeTarget;
			buildConfigurationList = B1366D1B1968B31700B40CCC /* Build configuration list for PBXNativeTarget "Schwarzwald" */;
			buildPhases = (
				B1366CEE1968B31700B40CCC /* Sources */,
				B1366CEF1968B31700B40CCC /* Frameworks */,
				B1366CF01968B31700B40CCC /* Headers */,
				B1366CF11968B31700B40CCC /* Resources */,
			);
			buildRules = (
			);
			dependencies = (
			);
			name = Schwarzwald;
			productName = Schwarzwald;
			productReference = B1366CF31968B31700B40CCC /* Schwarzwald.framework */;
			productType = "com.apple.product-type.framework";
		};
		B1C60DF519690504003E3DEC /* SchwarzwaldSpecs */ = {
			isa = PBXNativeTarget;
			buildConfigurationList = B1C60E0619690505003E3DEC /* Build configuration list for PBXNativeTarget "SchwarzwaldSpecs" */;
			buildPhases = (
				B1C60DF019690504003E3DEC /* Sources */,
				B1C60DF119690504003E3DEC /* Frameworks */,
				B1C60DF219690504003E3DEC /* Resources */,
				B1C60DF319690504003E3DEC /* ShellScript */,
				B1C60DF419690504003E3DEC /* ShellScript */,
			);
			buildRules = (
			);
			dependencies = (
			);
			name = SchwarzwaldSpecs;
			productName = SchwarzwaldSpecs;
			productReference = B1C60DF619690504003E3DEC /* SchwarzwaldSpecs.octest */;
			productType = "com.apple.product-type.bundle";
		};
/* End PBXNativeTarget section */

/* Begin PBXProject section */
		B1366CEA1968B31600B40CCC /* Project object */ = {
			isa = PBXProject;
			attributes = {
				LastUpgradeCheck = 0510;
				ORGANIZATIONNAME = "Aaron VonderHaar";
			};
			buildConfigurationList = B1366CED1968B31600B40CCC /* Build configuration list for PBXProject "Schwarzwald" */;
			compatibilityVersion = "Xcode 3.2";
			developmentRegion = English;
			hasScannedForEncodings = 0;
			knownRegions = (
				en,
			);
			mainGroup = B1366CE91968B31600B40CCC;
			productRefGroup = B1366CF41968B31700B40CCC /* Products */;
			projectDirPath = "";
			projectRoot = "";
			targets = (
				B1366CF21968B31700B40CCC /* Schwarzwald */,
				B1C60DF519690504003E3DEC /* SchwarzwaldSpecs */,
			);
		};
/* End PBXProject section */

/* Begin PBXResourcesBuildPhase section */
		B1366CF11968B31700B40CCC /* Resources */ = {
			isa = PBXResourcesBuildPhase;
			buildActionMask = 2147483647;
			files = (
				B1366D011968B31700B40CCC /* InfoPlist.strings in Resources */,
			);
			runOnlyForDeploymentPostprocessing = 0;
		};
		B1C60DF219690504003E3DEC /* Resources */ = {
			isa = PBXResourcesBuildPhase;
			buildActionMask = 2147483647;
			files = (
				B1C60DFF19690504003E3DEC /* InfoPlist.strings in Resources */,
			);
			runOnlyForDeploymentPostprocessing = 0;
		};
/* End PBXResourcesBuildPhase section */

/* Begin PBXShellScriptBuildPhase section */
		B1C60DF319690504003E3DEC /* ShellScript */ = {
			isa = PBXShellScriptBuildPhase;
			buildActionMask = 2147483647;
			files = (
			);
			inputPaths = (
			);
			outputPaths = (
			);
			runOnlyForDeploymentPostprocessing = 0;
			shellPath = /bin/sh;
			shellScript = "cp -R \"${TARGET_NAME}\"/Frameworks/Cedar.framework \"${BUILT_PRODUCTS_DIR}\"";
		};
		B1C60DF419690504003E3DEC /* ShellScript */ = {
			isa = PBXShellScriptBuildPhase;
			buildActionMask = 2147483647;
			files = (
			);
			inputPaths = (
			);
			outputPaths = (
			);
			runOnlyForDeploymentPostprocessing = 0;
			shellPath = /bin/sh;
			shellScript = "# Run the unit tests in this test bundle.\n\"${SYSTEM_DEVELOPER_DIR}/Tools/RunUnitTests\"\n";
		};
/* End PBXShellScriptBuildPhase section */

/* Begin PBXSourcesBuildPhase section */
		B1366CEE1968B31700B40CCC /* Sources */ = {
			isa = PBXSourcesBuildPhase;
			buildActionMask = 2147483647;
			files = (
				B1366D051968B31700B40CCC /* Schwarzwald.m in Sources */,
				B1366D311968B4A900B40CCC /* NSWindow+Schwarzwald.m in Sources */,
				B1366D351968B51900B40CCC /* NSApplication+Schwarzwald.m in Sources */,
				B1366D241968B3BA00B40CCC /* WeakReference.m in Sources */,
				B1366D291968B42B00B40CCC /* NSView+Schwarzwald.m in Sources */,
				B1366D2D1968B47300B40CCC /* NSButton+Schwarzwald.m in Sources */,
				B1C60DE71968D694003E3DEC /* NSTimer+Schwarzwald.m in Sources */,
			);
			runOnlyForDeploymentPostprocessing = 0;
		};
		B1C60DF019690504003E3DEC /* Sources */ = {
			isa = PBXSourcesBuildPhase;
			buildActionMask = 2147483647;
			files = (
				B1C60E0A196905CB003E3DEC /* NSApplication+SchwarzwaldSpec.mm in Sources */,
				B1C60E1019690800003E3DEC /* Schwarzwald.m in Sources */,
				B1C60E0E19690800003E3DEC /* NSView+Schwarzwald.m in Sources */,
				B1C60E0B196907F1003E3DEC /* NSApplication+Schwarzwald.m in Sources */,
				B1C60E0C19690800003E3DEC /* NSButton+Schwarzwald.m in Sources */,
				B1C60E0D19690800003E3DEC /* NSTimer+Schwarzwald.m in Sources */,
				B14B7F27196A0CFB0068D44D /* NSTimer+SchwarzwaldSpec.mm in Sources */,
				B1C60E0F19690800003E3DEC /* NSWindow+Schwarzwald.m in Sources */,
				B1C60E1119690814003E3DEC /* WeakReference.m in Sources */,
				B186699C19690D4900F3C630 /* NSWindow+SchwarzwaldSpec.mm in Sources */,
			);
			runOnlyForDeploymentPostprocessing = 0;
		};
/* End PBXSourcesBuildPhase section */

/* Begin PBXVariantGroup section */
		B1366CFF1968B31700B40CCC /* InfoPlist.strings */ = {
			isa = PBXVariantGroup;
			children = (
				B1366D001968B31700B40CCC /* en */,
			);
			name = InfoPlist.strings;
			sourceTree = "<group>";
		};
		B1C60DFD19690504003E3DEC /* InfoPlist.strings */ = {
			isa = PBXVariantGroup;
			children = (
				B1C60DFE19690504003E3DEC /* en */,
			);
			name = InfoPlist.strings;
			sourceTree = "<group>";
		};
/* End PBXVariantGroup section */

/* Begin XCBuildConfiguration section */
		B1366D191968B31700B40CCC /* Debug */ = {
			isa = XCBuildConfiguration;
			buildSettings = {
				ALWAYS_SEARCH_USER_PATHS = NO;
				CLANG_CXX_LANGUAGE_STANDARD = "gnu++0x";
				CLANG_CXX_LIBRARY = "libc++";
				CLANG_ENABLE_MODULES = YES;
				CLANG_ENABLE_OBJC_ARC = YES;
				CLANG_WARN_BOOL_CONVERSION = YES;
				CLANG_WARN_CONSTANT_CONVERSION = YES;
				CLANG_WARN_DIRECT_OBJC_ISA_USAGE = YES_ERROR;
				CLANG_WARN_EMPTY_BODY = YES;
				CLANG_WARN_ENUM_CONVERSION = YES;
				CLANG_WARN_INT_CONVERSION = YES;
				CLANG_WARN_OBJC_ROOT_CLASS = YES_ERROR;
				CLANG_WARN__DUPLICATE_METHOD_MATCH = YES;
				COPY_PHASE_STRIP = NO;
				GCC_C_LANGUAGE_STANDARD = gnu99;
				GCC_DYNAMIC_NO_PIC = NO;
				GCC_ENABLE_OBJC_EXCEPTIONS = YES;
				GCC_OPTIMIZATION_LEVEL = 0;
				GCC_PREPROCESSOR_DEFINITIONS = (
					"DEBUG=1",
					"$(inherited)",
				);
				GCC_SYMBOLS_PRIVATE_EXTERN = NO;
				GCC_WARN_64_TO_32_BIT_CONVERSION = YES;
				GCC_WARN_ABOUT_RETURN_TYPE = YES_ERROR;
				GCC_WARN_UNDECLARED_SELECTOR = YES;
				GCC_WARN_UNINITIALIZED_AUTOS = YES_AGGRESSIVE;
				GCC_WARN_UNUSED_FUNCTION = YES;
				GCC_WARN_UNUSED_VARIABLE = YES;
				MACOSX_DEPLOYMENT_TARGET = 10.9;
				ONLY_ACTIVE_ARCH = YES;
				SDKROOT = macosx;
			};
			name = Debug;
		};
		B1366D1A1968B31700B40CCC /* Release */ = {
			isa = XCBuildConfiguration;
			buildSettings = {
				ALWAYS_SEARCH_USER_PATHS = NO;
				CLANG_CXX_LANGUAGE_STANDARD = "gnu++0x";
				CLANG_CXX_LIBRARY = "libc++";
				CLANG_ENABLE_MODULES = YES;
				CLANG_ENABLE_OBJC_ARC = YES;
				CLANG_WARN_BOOL_CONVERSION = YES;
				CLANG_WARN_CONSTANT_CONVERSION = YES;
				CLANG_WARN_DIRECT_OBJC_ISA_USAGE = YES_ERROR;
				CLANG_WARN_EMPTY_BODY = YES;
				CLANG_WARN_ENUM_CONVERSION = YES;
				CLANG_WARN_INT_CONVERSION = YES;
				CLANG_WARN_OBJC_ROOT_CLASS = YES_ERROR;
				CLANG_WARN__DUPLICATE_METHOD_MATCH = YES;
				COPY_PHASE_STRIP = YES;
				DEBUG_INFORMATION_FORMAT = "dwarf-with-dsym";
				ENABLE_NS_ASSERTIONS = NO;
				GCC_C_LANGUAGE_STANDARD = gnu99;
				GCC_ENABLE_OBJC_EXCEPTIONS = YES;
				GCC_WARN_64_TO_32_BIT_CONVERSION = YES;
				GCC_WARN_ABOUT_RETURN_TYPE = YES_ERROR;
				GCC_WARN_UNDECLARED_SELECTOR = YES;
				GCC_WARN_UNINITIALIZED_AUTOS = YES_AGGRESSIVE;
				GCC_WARN_UNUSED_FUNCTION = YES;
				GCC_WARN_UNUSED_VARIABLE = YES;
				MACOSX_DEPLOYMENT_TARGET = 10.9;
				SDKROOT = macosx;
			};
			name = Release;
		};
		B1366D1C1968B31700B40CCC /* Debug */ = {
			isa = XCBuildConfiguration;
			buildSettings = {
				COMBINE_HIDPI_IMAGES = YES;
				DYLIB_COMPATIBILITY_VERSION = 1;
				DYLIB_CURRENT_VERSION = 1;
				FRAMEWORK_VERSION = A;
				GCC_PRECOMPILE_PREFIX_HEADER = YES;
				GCC_PREFIX_HEADER = "Schwarzwald/Schwarzwald-Prefix.pch";
				INFOPLIST_FILE = "Schwarzwald/Schwarzwald-Info.plist";
				PRODUCT_NAME = "$(TARGET_NAME)";
				WRAPPER_EXTENSION = framework;
			};
			name = Debug;
		};
		B1366D1D1968B31700B40CCC /* Release */ = {
			isa = XCBuildConfiguration;
			buildSettings = {
				COMBINE_HIDPI_IMAGES = YES;
				DYLIB_COMPATIBILITY_VERSION = 1;
				DYLIB_CURRENT_VERSION = 1;
				FRAMEWORK_VERSION = A;
				GCC_PRECOMPILE_PREFIX_HEADER = YES;
				GCC_PREFIX_HEADER = "Schwarzwald/Schwarzwald-Prefix.pch";
				INFOPLIST_FILE = "Schwarzwald/Schwarzwald-Info.plist";
				PRODUCT_NAME = "$(TARGET_NAME)";
				WRAPPER_EXTENSION = framework;
			};
			name = Release;
		};
		B1C60E0719690505003E3DEC /* Debug */ = {
			isa = XCBuildConfiguration;
			buildSettings = {
				FRAMEWORK_SEARCH_PATHS = (
					"$(DEVELOPER_LIBRARY_DIR)/Frameworks",
					"$(DEVELOPER_FRAMEWORKS_DIR)",
					"$(PROJECT_DIR)/SchwarzwaldSpecs/Frameworks",
				);
				GCC_PRECOMPILE_PREFIX_HEADER = YES;
				GCC_PREFIX_HEADER = "SchwarzwaldSpecs/SchwarzwaldSpecs-Prefix.pch";
				GCC_PREPROCESSOR_DEFINITIONS = (
					"DEBUG=1",
					"$(inherited)",
				);
				INFOPLIST_FILE = "SchwarzwaldSpecs/SchwarzwaldSpecs-Info.plist";
				PRODUCT_NAME = "$(TARGET_NAME)";
				WRAPPER_EXTENSION = octest;
			};
			name = Debug;
		};
		B1C60E0819690505003E3DEC /* Release */ = {
			isa = XCBuildConfiguration;
			buildSettings = {
				FRAMEWORK_SEARCH_PATHS = (
					"$(DEVELOPER_LIBRARY_DIR)/Frameworks",
					"$(DEVELOPER_FRAMEWORKS_DIR)",
					"$(PROJECT_DIR)/SchwarzwaldSpecs/Frameworks",
				);
				GCC_PRECOMPILE_PREFIX_HEADER = YES;
				GCC_PREFIX_HEADER = "SchwarzwaldSpecs/SchwarzwaldSpecs-Prefix.pch";
				INFOPLIST_FILE = "SchwarzwaldSpecs/SchwarzwaldSpecs-Info.plist";
				PRODUCT_NAME = "$(TARGET_NAME)";
				WRAPPER_EXTENSION = octest;
			};
			name = Release;
		};
/* End XCBuildConfiguration section */

/* Begin XCConfigurationList section */
		B1366CED1968B31600B40CCC /* Build configuration list for PBXProject "Schwarzwald" */ = {
			isa = XCConfigurationList;
			buildConfigurations = (
				B1366D191968B31700B40CCC /* Debug */,
				B1366D1A1968B31700B40CCC /* Release */,
			);
			defaultConfigurationIsVisible = 0;
			defaultConfigurationName = Release;
		};
		B1366D1B1968B31700B40CCC /* Build configuration list for PBXNativeTarget "Schwarzwald" */ = {
			isa = XCConfigurationList;
			buildConfigurations = (
				B1366D1C1968B31700B40CCC /* Debug */,
				B1366D1D1968B31700B40CCC /* Release */,
			);
			defaultConfigurationIsVisible = 0;
			defaultConfigurationName = Release;
		};
		B1C60E0619690505003E3DEC /* Build configuration list for PBXNativeTarget "SchwarzwaldSpecs" */ = {
			isa = XCConfigurationList;
			buildConfigurations = (
				B1C60E0719690505003E3DEC /* Debug */,
				B1C60E0819690505003E3DEC /* Release */,
			);
			defaultConfigurationIsVisible = 0;
			defaultConfigurationName = Release;
		};
/* End XCConfigurationList section */
	};
	rootObject = B1366CEA1968B31600B40CCC /* Project object */;
}
